PODS:
  - FMDB (2.6.2):
    - FMDB/standard (= 2.6.2)
  - FMDB/standard (2.6.2)
  - Kiwi (2.4.0)

DEPENDENCIES:
  - FMDB
  - Kiwi

SPEC CHECKSUMS:
  FMDB: 854a0341b4726e53276f2a8996f06f1b80f9259a
  Kiwi: f49c9d54b28917df5928fe44968a39ed198cb8a8

PODFILE CHECKSUM: 05104ad3764c9601d77ea00000e06b9164a34be8

COCOAPODS: 1.1.1
